
Microsoft Visual Studio Solution File, Format Version 12.00
# Visual Studio Version 17
VisualStudioVersion = 17.5.33209.295
MinimumVisualStudioVersion = 10.0.40219.1
Project("{9A19103F-16F7-4668-BE54-9A1E7A4F7556}") = "WakaSkies.WakaAPI", "WakaSkies.WakaAPI\WakaSkies.WakaAPI.csproj", "{F7855C00-4C3C-4037-A58B-121D0421ECD2}"
EndProject
Project("{2150E333-8FDC-42A3-9474-1A3956D46DE8}") = "Tests", "Tests", "{D74665ED-CD81-4B0B-8938-431EDFA0E03A}"
EndProject
Project("{9A19103F-16F7-4668-BE54-9A1E7A4F7556}") = "WakaSkies.WakaAPI.ConsoleTest", "Tests\WakaSkies.WakaAPI.ConsoleTest\WakaSkies.WakaAPI.ConsoleTest.csproj", "{BFBFB4D8-376E-46A0-92CA-E0776E19C25E}"
EndProject
Project("{9A19103F-16F7-4668-BE54-9A1E7A4F7556}") = "WakaSkies.WakaModelBuilder", "WakaSkies.ModelBuilder\WakaSkies.WakaModelBuilder.csproj", "{646760B3-A36A-4BA7-AA94-D67F5524106A}"
EndProject
Project("{FAE04EC0-301F-11D3-BF4B-00C04F79EFBC}") = "WakaSkies.Blazor", "WakaSkies.Blazor\WakaSkies.Blazor.csproj", "{8BA3723F-BD67-4F0B-83F8-D1494F77F025}"
EndProject
Global
	GlobalSection(SolutionConfigurationPlatforms) = preSolution
		Debug|Any CPU = Debug|Any CPU
		Release|Any CPU = Release|Any CPU
	EndGlobalSection
	GlobalSection(ProjectConfigurationPlatforms) = postSolution
		{F7855C00-4C3C-4037-A58B-121D0421ECD2}.Debug|Any CPU.ActiveCfg = Debug|Any CPU
		{F7855C00-4C3C-4037-A58B-121D0421ECD2}.Debug|Any CPU.Build.0 = Debug|Any CPU
		{F7855C00-4C3C-4037-A58B-121D0421ECD2}.Release|Any CPU.ActiveCfg = Release|Any CPU
		{F7855C00-4C3C-4037-A58B-121D0421ECD2}.Release|Any CPU.Build.0 = Release|Any CPU
		{BFBFB4D8-376E-46A0-92CA-E0776E19C25E}.Debug|Any CPU.ActiveCfg = Debug|Any CPU
		{BFBFB4D8-376E-46A0-92CA-E0776E19C25E}.Debug|Any CPU.Build.0 = Debug|Any CPU
		{BFBFB4D8-376E-46A0-92CA-E0776E19C25E}.Release|Any CPU.ActiveCfg = Release|Any CPU
		{BFBFB4D8-376E-46A0-92CA-E0776E19C25E}.Release|Any CPU.Build.0 = Release|Any CPU
		{646760B3-A36A-4BA7-AA94-D67F5524106A}.Debug|Any CPU.ActiveCfg = Debug|Any CPU
		{646760B3-A36A-4BA7-AA94-D67F5524106A}.Debug|Any CPU.Build.0 = Debug|Any CPU
		{646760B3-A36A-4BA7-AA94-D67F5524106A}.Release|Any CPU.ActiveCfg = Release|Any CPU
		{646760B3-A36A-4BA7-AA94-D67F5524106A}.Release|Any CPU.Build.0 = Release|Any CPU
		{8BA3723F-BD67-4F0B-83F8-D1494F77F025}.Debug|Any CPU.ActiveCfg = Debug|Any CPU
		{8BA3723F-BD67-4F0B-83F8-D1494F77F025}.Debug|Any CPU.Build.0 = Debug|Any CPU
		{8BA3723F-BD67-4F0B-83F8-D1494F77F025}.Release|Any CPU.ActiveCfg = Release|Any CPU
		{8BA3723F-BD67-4F0B-83F8-D1494F77F025}.Release|Any CPU.Build.0 = Release|Any CPU
	EndGlobalSection
	GlobalSection(SolutionProperties) = preSolution
		HideSolutionNode = FALSE
	EndGlobalSection
	GlobalSection(NestedProjects) = preSolution
		{BFBFB4D8-376E-46A0-92CA-E0776E19C25E} = {D74665ED-CD81-4B0B-8938-431EDFA0E03A}
	EndGlobalSection
	GlobalSection(ExtensibilityGlobals) = postSolution
		SolutionGuid = {4D23A562-9CAA-4ECB-8128-732C09C6F6A1}
	EndGlobalSection
EndGlobal
