
Microsoft Visual Studio Solution File, Format Version 12.00
# Visual Studio Version 17
VisualStudioVersion = 17.5.33209.295
MinimumVisualStudioVersion = 10.0.40219.1
Project("{FAE04EC0-301F-11D3-BF4B-00C04F79EFBC}") = "WakaSkies.WakaAPI", "WakaSkies.WakaAPI\WakaSkies.WakaAPI.csproj", "{F7855C00-4C3C-4037-A58B-121D0421ECD2}"
EndProject
Project("{2150E333-8FDC-42A3-9474-1A3956D46DE8}") = "Tests", "Tests", "{D74665ED-CD81-4B0B-8938-431EDFA0E03A}"
EndProject
Project("{FAE04EC0-301F-11D3-BF4B-00C04F79EFBC}") = "WakaSkies.WakaAPI.ConsoleTest", "WakaSkies.WakaAPI.ConsoleTest\WakaSkies.WakaAPI.ConsoleTest.csproj", "{51208091-40D6-4579-ADDD-0B31A93B00B3}"
EndProject
Global
	GlobalSection(SolutionConfigurationPlatforms) = preSolution
		Debug|Any CPU = Debug|Any CPU
		Release|Any CPU = Release|Any CPU
	EndGlobalSection
	GlobalSection(ProjectConfigurationPlatforms) = postSolution
		{F7855C00-4C3C-4037-A58B-121D0421ECD2}.Debug|Any CPU.ActiveCfg = Debug|Any CPU
		{F7855C00-4C3C-4037-A58B-121D0421ECD2}.Debug|Any CPU.Build.0 = Debug|Any CPU
		{F7855C00-4C3C-4037-A58B-121D0421ECD2}.Release|Any CPU.ActiveCfg = Release|Any CPU
		{F7855C00-4C3C-4037-A58B-121D0421ECD2}.Release|Any CPU.Build.0 = Release|Any CPU
		{51208091-40D6-4579-ADDD-0B31A93B00B3}.Debug|Any CPU.ActiveCfg = Debug|Any CPU
		{51208091-40D6-4579-ADDD-0B31A93B00B3}.Debug|Any CPU.Build.0 = Debug|Any CPU
		{51208091-40D6-4579-ADDD-0B31A93B00B3}.Release|Any CPU.ActiveCfg = Release|Any CPU
		{51208091-40D6-4579-ADDD-0B31A93B00B3}.Release|Any CPU.Build.0 = Release|Any CPU
	EndGlobalSection
	GlobalSection(SolutionProperties) = preSolution
		HideSolutionNode = FALSE
	EndGlobalSection
	GlobalSection(NestedProjects) = preSolution
		{51208091-40D6-4579-ADDD-0B31A93B00B3} = {D74665ED-CD81-4B0B-8938-431EDFA0E03A}
	EndGlobalSection
	GlobalSection(ExtensibilityGlobals) = postSolution
		SolutionGuid = {4D23A562-9CAA-4ECB-8128-732C09C6F6A1}
	EndGlobalSection
EndGlobal
